// !$*UTF8*$!
{
	archiveVersion = 1;
	classes = {
	};
	objectVersion = 46;
	objects = {

/* Begin PBXBuildFile section */
		FB6D223A1B83D01800E28541 /* main.m in Sources */ = {isa = PBXBuildFile; fileRef = FB6D22391B83D01800E28541 /* main.m */; };
		FB6D223D1B83D01800E28541 /* AppDelegate.m in Sources */ = {isa = PBXBuildFile; fileRef = FB6D223C1B83D01800E28541 /* AppDelegate.m */; };
		FB6D22401B83D01800E28541 /* RunningApp.xcdatamodeld in Sources */ = {isa = PBXBuildFile; fileRef = FB6D223E1B83D01800E28541 /* RunningApp.xcdatamodeld */; };
		FB6D22461B83D01800E28541 /* DetailViewController.m in Sources */ = {isa = PBXBuildFile; fileRef = FB6D22451B83D01800E28541 /* DetailViewController.m */; };
		FB6D22491B83D01800E28541 /* Main.storyboard in Resources */ = {isa = PBXBuildFile; fileRef = FB6D22471B83D01800E28541 /* Main.storyboard */; };
		FB6D224B1B83D01800E28541 /* Images.xcassets in Resources */ = {isa = PBXBuildFile; fileRef = FB6D224A1B83D01800E28541 /* Images.xcassets */; };
		FB6D224E1B83D01800E28541 /* LaunchScreen.xib in Resources */ = {isa = PBXBuildFile; fileRef = FB6D224C1B83D01800E28541 /* LaunchScreen.xib */; };
		FB6D225A1B83D01800E28541 /* RunningAppTests.m in Sources */ = {isa = PBXBuildFile; fileRef = FB6D22591B83D01800E28541 /* RunningAppTests.m */; };
		FB6D22651B83D0C800E28541 /* Location.m in Sources */ = {isa = PBXBuildFile; fileRef = FB6D22641B83D0C800E28541 /* Location.m */; };
		FB6D22681B83D0C800E28541 /* Run.m in Sources */ = {isa = PBXBuildFile; fileRef = FB6D22671B83D0C800E28541 /* Run.m */; };
		FB6D226B1B83D36500E28541 /* HomeViewController.m in Sources */ = {isa = PBXBuildFile; fileRef = FB6D226A1B83D36500E28541 /* HomeViewController.m */; };
		FB6D226E1B83D3BB00E28541 /* NewRunViewController.m in Sources */ = {isa = PBXBuildFile; fileRef = FB6D226D1B83D3BB00E28541 /* NewRunViewController.m */; };
		FB6D22701B83D84E00E28541 /* MapKit.framework in Frameworks */ = {isa = PBXBuildFile; fileRef = FB6D226F1B83D84E00E28541 /* MapKit.framework */; };
		FB6D22721B83D85700E28541 /* CoreGraphics.framework in Frameworks */ = {isa = PBXBuildFile; fileRef = FB6D22711B83D85700E28541 /* CoreGraphics.framework */; };
		FB6D22741B83D85B00E28541 /* CoreData.framework in Frameworks */ = {isa = PBXBuildFile; fileRef = FB6D22731B83D85B00E28541 /* CoreData.framework */; };
		FB6D22761B83D86600E28541 /* UIKit.framework in Frameworks */ = {isa = PBXBuildFile; fileRef = FB6D22751B83D86600E28541 /* UIKit.framework */; };
		FB6D22781B83D86C00E28541 /* Foundation.framework in Frameworks */ = {isa = PBXBuildFile; fileRef = FB6D22771B83D86C00E28541 /* Foundation.framework */; };
/* End PBXBuildFile section */

/* Begin PBXContainerItemProxy section */
		FB6D22541B83D01800E28541 /* PBXContainerItemProxy */ = {
			isa = PBXContainerItemProxy;
			containerPortal = FB6D222C1B83D01800E28541 /* Project object */;
			proxyType = 1;
			remoteGlobalIDString = FB6D22331B83D01800E28541;
			remoteInfo = RunningApp;
		};
/* End PBXContainerItemProxy section */

/* Begin PBXFileReference section */
		FB6D22341B83D01800E28541 /* RunningApp.app */ = {isa = PBXFileReference; explicitFileType = wrapper.application; includeInIndex = 0; path = RunningApp.app; sourceTree = BUILT_PRODUCTS_DIR; };
		FB6D22381B83D01800E28541 /* Info.plist */ = {isa = PBXFileReference; lastKnownFileType = text.plist.xml; path = Info.plist; sourceTree = "<group>"; };
		FB6D22391B83D01800E28541 /* main.m */ = {isa = PBXFileReference; lastKnownFileType = sourcecode.c.objc; path = main.m; sourceTree = "<group>"; };
		FB6D223B1B83D01800E28541 /* AppDelegate.h */ = {isa = PBXFileReference; lastKnownFileType = sourcecode.c.h; path = AppDelegate.h; sourceTree = "<group>"; };
		FB6D223C1B83D01800E28541 /* AppDelegate.m */ = {isa = PBXFileReference; lastKnownFileType = sourcecode.c.objc; path = AppDelegate.m; sourceTree = "<group>"; };
		FB6D223F1B83D01800E28541 /* RunningApp.xcdatamodel */ = {isa = PBXFileReference; lastKnownFileType = wrapper.xcdatamodel; path = RunningApp.xcdatamodel; sourceTree = "<group>"; };
		FB6D22441B83D01800E28541 /* DetailViewController.h */ = {isa = PBXFileReference; lastKnownFileType = sourcecode.c.h; path = DetailViewController.h; sourceTree = "<group>"; };
		FB6D22451B83D01800E28541 /* DetailViewController.m */ = {isa = PBXFileReference; lastKnownFileType = sourcecode.c.objc; path = DetailViewController.m; sourceTree = "<group>"; };
		FB6D22481B83D01800E28541 /* Base */ = {isa = PBXFileReference; lastKnownFileType = file.storyboard; name = Base; path = Base.lproj/Main.storyboard; sourceTree = "<group>"; };
		FB6D224A1B83D01800E28541 /* Images.xcassets */ = {isa = PBXFileReference; lastKnownFileType = folder.assetcatalog; path = Images.xcassets; sourceTree = "<group>"; };
		FB6D224D1B83D01800E28541 /* Base */ = {isa = PBXFileReference; lastKnownFileType = file.xib; name = Base; path = Base.lproj/LaunchScreen.xib; sourceTree = "<group>"; };
		FB6D22531B83D01800E28541 /* RunningAppTests.xctest */ = {isa = PBXFileReference; explicitFileType = wrapper.cfbundle; includeInIndex = 0; path = RunningAppTests.xctest; sourceTree = BUILT_PRODUCTS_DIR; };
		FB6D22581B83D01800E28541 /* Info.plist */ = {isa = PBXFileReference; lastKnownFileType = text.plist.xml; path = Info.plist; sourceTree = "<group>"; };
		FB6D22591B83D01800E28541 /* RunningAppTests.m */ = {isa = PBXFileReference; lastKnownFileType = sourcecode.c.objc; path = RunningAppTests.m; sourceTree = "<group>"; };
		FB6D22631B83D0C800E28541 /* Location.h */ = {isa = PBXFileReference; fileEncoding = 4; lastKnownFileType = sourcecode.c.h; path = Location.h; sourceTree = "<group>"; };
		FB6D22641B83D0C800E28541 /* Location.m */ = {isa = PBXFileReference; fileEncoding = 4; lastKnownFileType = sourcecode.c.objc; path = Location.m; sourceTree = "<group>"; };
		FB6D22661B83D0C800E28541 /* Run.h */ = {isa = PBXFileReference; fileEncoding = 4; lastKnownFileType = sourcecode.c.h; path = Run.h; sourceTree = "<group>"; };
		FB6D22671B83D0C800E28541 /* Run.m */ = {isa = PBXFileReference; fileEncoding = 4; lastKnownFileType = sourcecode.c.objc; path = Run.m; sourceTree = "<group>"; };
		FB6D22691B83D36500E28541 /* HomeViewController.h */ = {isa = PBXFileReference; fileEncoding = 4; lastKnownFileType = sourcecode.c.h; path = HomeViewController.h; sourceTree = "<group>"; };
		FB6D226A1B83D36500E28541 /* HomeViewController.m */ = {isa = PBXFileReference; fileEncoding = 4; lastKnownFileType = sourcecode.c.objc; path = HomeViewController.m; sourceTree = "<group>"; };
		FB6D226C1B83D3BB00E28541 /* NewRunViewController.h */ = {isa = PBXFileReference; fileEncoding = 4; lastKnownFileType = sourcecode.c.h; path = NewRunViewController.h; sourceTree = "<group>"; };
		FB6D226D1B83D3BB00E28541 /* NewRunViewController.m */ = {isa = PBXFileReference; fileEncoding = 4; lastKnownFileType = sourcecode.c.objc; path = NewRunViewController.m; sourceTree = "<group>"; };
		FB6D226F1B83D84E00E28541 /* MapKit.framework */ = {isa = PBXFileReference; lastKnownFileType = wrapper.framework; name = MapKit.framework; path = System/Library/Frameworks/MapKit.framework; sourceTree = SDKROOT; };
		FB6D22711B83D85700E28541 /* CoreGraphics.framework */ = {isa = PBXFileReference; lastKnownFileType = wrapper.framework; name = CoreGraphics.framework; path = System/Library/Frameworks/CoreGraphics.framework; sourceTree = SDKROOT; };
		FB6D22731B83D85B00E28541 /* CoreData.framework */ = {isa = PBXFileReference; lastKnownFileType = wrapper.framework; name = CoreData.framework; path = System/Library/Frameworks/CoreData.framework; sourceTree = SDKROOT; };
		FB6D22751B83D86600E28541 /* UIKit.framework */ = {isa = PBXFileReference; lastKnownFileType = wrapper.framework; name = UIKit.framework; path = System/Library/Frameworks/UIKit.framework; sourceTree = SDKROOT; };
		FB6D22771B83D86C00E28541 /* Foundation.framework */ = {isa = PBXFileReference; lastKnownFileType = wrapper.framework; name = Foundation.framework; path = System/Library/Frameworks/Foundation.framework; sourceTree = SDKROOT; };
/* End PBXFileReference section */

/* Begin PBXFrameworksBuildPhase section */
		FB6D22311B83D01800E28541 /* Frameworks */ = {
			isa = PBXFrameworksBuildPhase;
			buildActionMask = 2147483647;
			files = (
				FB6D22781B83D86C00E28541 /* Foundation.framework in Frameworks */,
				FB6D22761B83D86600E28541 /* UIKit.framework in Frameworks */,
				FB6D22741B83D85B00E28541 /* CoreData.framework in Frameworks */,
				FB6D22721B83D85700E28541 /* CoreGraphics.framework in Frameworks */,
				FB6D22701B83D84E00E28541 /* MapKit.framework in Frameworks */,
			);
			runOnlyForDeploymentPostprocessing = 0;
		};
		FB6D22501B83D01800E28541 /* Frameworks */ = {
			isa = PBXFrameworksBuildPhase;
			buildActionMask = 2147483647;
			files = (
			);
			runOnlyForDeploymentPostprocessing = 0;
		};
/* End PBXFrameworksBuildPhase section */

/* Begin PBXGroup section */
		FB6D222B1B83D01800E28541 = {
			isa = PBXGroup;
			children = (
				FB6D22771B83D86C00E28541 /* Foundation.framework */,
				FB6D22751B83D86600E28541 /* UIKit.framework */,
				FB6D22731B83D85B00E28541 /* CoreData.framework */,
				FB6D22711B83D85700E28541 /* CoreGraphics.framework */,
				FB6D226F1B83D84E00E28541 /* MapKit.framework */,
				FB6D22361B83D01800E28541 /* RunningApp */,
				FB6D22561B83D01800E28541 /* RunningAppTests */,
				FB6D22351B83D01800E28541 /* Products */,
			);
			sourceTree = "<group>";
		};
		FB6D22351B83D01800E28541 /* Products */ = {
			isa = PBXGroup;
			children = (
				FB6D22341B83D01800E28541 /* RunningApp.app */,
				FB6D22531B83D01800E28541 /* RunningAppTests.xctest */,
			);
			name = Products;
			sourceTree = "<group>";
		};
		FB6D22361B83D01800E28541 /* RunningApp */ = {
			isa = PBXGroup;
			children = (
				FB6D22691B83D36500E28541 /* HomeViewController.h */,
				FB6D226A1B83D36500E28541 /* HomeViewController.m */,
				FB6D223B1B83D01800E28541 /* AppDelegate.h */,
				FB6D223C1B83D01800E28541 /* AppDelegate.m */,
				FB6D226C1B83D3BB00E28541 /* NewRunViewController.h */,
				FB6D226D1B83D3BB00E28541 /* NewRunViewController.m */,
				FB6D22441B83D01800E28541 /* DetailViewController.h */,
				FB6D22451B83D01800E28541 /* DetailViewController.m */,
				FB6D22471B83D01800E28541 /* Main.storyboard */,
				FB6D224A1B83D01800E28541 /* Images.xcassets */,
				FB6D224C1B83D01800E28541 /* LaunchScreen.xib */,
				FB6D223E1B83D01800E28541 /* RunningApp.xcdatamodeld */,
				FB6D22661B83D0C800E28541 /* Run.h */,
				FB6D22671B83D0C800E28541 /* Run.m */,
				FB6D22631B83D0C800E28541 /* Location.h */,
				FB6D22641B83D0C800E28541 /* Location.m */,
				FB6D22371B83D01800E28541 /* Supporting Files */,
			);
			path = RunningApp;
			sourceTree = "<group>";
		};
		FB6D22371B83D01800E28541 /* Supporting Files */ = {
			isa = PBXGroup;
			children = (
				FB6D22381B83D01800E28541 /* Info.plist */,
				FB6D22391B83D01800E28541 /* main.m */,
			);
			name = "Supporting Files";
			sourceTree = "<group>";
		};
		FB6D22561B83D01800E28541 /* RunningAppTests */ = {
			isa = PBXGroup;
			children = (
				FB6D22591B83D01800E28541 /* RunningAppTests.m */,
				FB6D22571B83D01800E28541 /* Supporting Files */,
			);
			path = RunningAppTests;
			sourceTree = "<group>";
		};
		FB6D22571B83D01800E28541 /* Supporting Files */ = {
			isa = PBXGroup;
			children = (
				FB6D22581B83D01800E28541 /* Info.plist */,
			);
			name = "Supporting Files";
			sourceTree = "<group>";
		};
/* End PBXGroup section */

/* Begin PBXNativeTarget section */
		FB6D22331B83D01800E28541 /* RunningApp */ = {
			isa = PBXNativeTarget;
			buildConfigurationList = FB6D225D1B83D01800E28541 /* Build configuration list for PBXNativeTarget "RunningApp" */;
			buildPhases = (
				FB6D22301B83D01800E28541 /* Sources */,
				FB6D22311B83D01800E28541 /* Frameworks */,
				FB6D22321B83D01800E28541 /* Resources */,
			);
			buildRules = (
			);
			dependencies = (
			);
			name = RunningApp;
			productName = RunningApp;
			productReference = FB6D22341B83D01800E28541 /* RunningApp.app */;
			productType = "com.apple.product-type.application";
		};
		FB6D22521B83D01800E28541 /* RunningAppTests */ = {
			isa = PBXNativeTarget;
			buildConfigurationList = FB6D22601B83D01800E28541 /* Build configuration list for PBXNativeTarget "RunningAppTests" */;
			buildPhases = (
				FB6D224F1B83D01800E28541 /* Sources */,
				FB6D22501B83D01800E28541 /* Frameworks */,
				FB6D22511B83D01800E28541 /* Resources */,
			);
			buildRules = (
			);
			dependencies = (
				FB6D22551B83D01800E28541 /* PBXTargetDependency */,
			);
			name = RunningAppTests;
			productName = RunningAppTests;
			productReference = FB6D22531B83D01800E28541 /* RunningAppTests.xctest */;
			productType = "com.apple.product-type.bundle.unit-test";
		};
/* End PBXNativeTarget section */

/* Begin PBXProject section */
		FB6D222C1B83D01800E28541 /* Project object */ = {
			isa = PBXProject;
			attributes = {
				LastUpgradeCheck = 0630;
				ORGANIZATIONNAME = "Matthias Chia";
				TargetAttributes = {
					FB6D22331B83D01800E28541 = {
						CreatedOnToolsVersion = 6.3.2;
					};
					FB6D22521B83D01800E28541 = {
						CreatedOnToolsVersion = 6.3.2;
						TestTargetID = FB6D22331B83D01800E28541;
					};
				};
			};
			buildConfigurationList = FB6D222F1B83D01800E28541 /* Build configuration list for PBXProject "RunningApp" */;
			compatibilityVersion = "Xcode 3.2";
			developmentRegion = English;
			hasScannedForEncodings = 0;
			knownRegions = (
				en,
				Base,
			);
			mainGroup = FB6D222B1B83D01800E28541;
			productRefGroup = FB6D22351B83D01800E28541 /* Products */;
			projectDirPath = "";
			projectRoot = "";
			targets = (
				FB6D22331B83D01800E28541 /* RunningApp */,
				FB6D22521B83D01800E28541 /* RunningAppTests */,
			);
		};
/* End PBXProject section */

/* Begin PBXResourcesBuildPhase section */
		FB6D22321B83D01800E28541 /* Resources */ = {
			isa = PBXResourcesBuildPhase;
			buildActionMask = 2147483647;
			files = (
				FB6D22491B83D01800E28541 /* Main.storyboard in Resources */,
				FB6D224E1B83D01800E28541 /* LaunchScreen.xib in Resources */,
				FB6D224B1B83D01800E28541 /* Images.xcassets in Resources */,
			);
			runOnlyForDeploymentPostprocessing = 0;
		};
		FB6D22511B83D01800E28541 /* Resources */ = {
			isa = PBXResourcesBuildPhase;
			buildActionMask = 2147483647;
			files = (
			);
			runOnlyForDeploymentPostprocessing = 0;
		};
/* End PBXResourcesBuildPhase section */

/* Begin PBXSourcesBuildPhase section */
		FB6D22301B83D01800E28541 /* Sources */ = {
			isa = PBXSourcesBuildPhase;
			buildActionMask = 2147483647;
			files = (
				FB6D22461B83D01800E28541 /* DetailViewController.m in Sources */,
				FB6D22681B83D0C800E28541 /* Run.m in Sources */,
				FB6D223D1B83D01800E28541 /* AppDelegate.m in Sources */,
				FB6D223A1B83D01800E28541 /* main.m in Sources */,
				FB6D22651B83D0C800E28541 /* Location.m in Sources */,
				FB6D226B1B83D36500E28541 /* HomeViewController.m in Sources */,
				FB6D22401B83D01800E28541 /* RunningApp.xcdatamodeld in Sources */,
				FB6D226E1B83D3BB00E28541 /* NewRunViewController.m in Sources */,
			);
			runOnlyForDeploymentPostprocessing = 0;
		};
		FB6D224F1B83D01800E28541 /* Sources */ = {
			isa = PBXSourcesBuildPhase;
			buildActionMask = 2147483647;
			files = (
				FB6D225A1B83D01800E28541 /* RunningAppTests.m in Sources */,
			);
			runOnlyForDeploymentPostprocessing = 0;
		};
/* End PBXSourcesBuildPhase section */

/* Begin PBXTargetDependency section */
		FB6D22551B83D01800E28541 /* PBXTargetDependency */ = {
			isa = PBXTargetDependency;
			target = FB6D22331B83D01800E28541 /* RunningApp */;
			targetProxy = FB6D22541B83D01800E28541 /* PBXContainerItemProxy */;
		};
/* End PBXTargetDependency section */

/* Begin PBXVariantGroup section */
		FB6D22471B83D01800E28541 /* Main.storyboard */ = {
			isa = PBXVariantGroup;
			children = (
				FB6D22481B83D01800E28541 /* Base */,
			);
			name = Main.storyboard;
			sourceTree = "<group>";
		};
		FB6D224C1B83D01800E28541 /* LaunchScreen.xib */ = {
			isa = PBXVariantGroup;
			children = (
				FB6D224D1B83D01800E28541 /* Base */,
			);
			name = LaunchScreen.xib;
			sourceTree = "<group>";
		};
/* End PBXVariantGroup section */

/* Begin XCBuildConfiguration section */
		FB6D225B1B83D01800E28541 /* Debug */ = {
			isa = XCBuildConfiguration;
			buildSettings = {
				ALWAYS_SEARCH_USER_PATHS = NO;
				CLANG_CXX_LANGUAGE_STANDARD = "gnu++0x";
				CLANG_CXX_LIBRARY = "libc++";
				CLANG_ENABLE_MODULES = YES;
				CLANG_ENABLE_OBJC_ARC = YES;
				CLANG_WARN_BOOL_CONVERSION = YES;
				CLANG_WARN_CONSTANT_CONVERSION = YES;
				CLANG_WARN_DIRECT_OBJC_ISA_USAGE = YES_ERROR;
				CLANG_WARN_EMPTY_BODY = YES;
				CLANG_WARN_ENUM_CONVERSION = YES;
				CLANG_WARN_INT_CONVERSION = YES;
				CLANG_WARN_OBJC_ROOT_CLASS = YES_ERROR;
				CLANG_WARN_UNREACHABLE_CODE = YES;
				CLANG_WARN__DUPLICATE_METHOD_MATCH = YES;
				"CODE_SIGN_IDENTITY[sdk=iphoneos*]" = "iPhone Developer";
				COPY_PHASE_STRIP = NO;
				DEBUG_INFORMATION_FORMAT = "dwarf-with-dsym";
				ENABLE_STRICT_OBJC_MSGSEND = YES;
				GCC_C_LANGUAGE_STANDARD = gnu99;
				GCC_DYNAMIC_NO_PIC = NO;
				GCC_NO_COMMON_BLOCKS = YES;
				GCC_OPTIMIZATION_LEVEL = 0;
				GCC_PREPROCESSOR_DEFINITIONS = (
					"DEBUG=1",
					"$(inherited)",
				);
				GCC_SYMBOLS_PRIVATE_EXTERN = NO;
				GCC_WARN_64_TO_32_BIT_CONVERSION = YES;
				GCC_WARN_ABOUT_RETURN_TYPE = YES_ERROR;
				GCC_WARN_UNDECLARED_SELECTOR = YES;
				GCC_WARN_UNINITIALIZED_AUTOS = YES_AGGRESSIVE;
				GCC_WARN_UNUSED_FUNCTION = YES;
				GCC_WARN_UNUSED_VARIABLE = YES;
				IPHONEOS_DEPLOYMENT_TARGET = 8.3;
				MTL_ENABLE_DEBUG_INFO = YES;
				ONLY_ACTIVE_ARCH = YES;
				SDKROOT = iphoneos;
			};
			name = Debug;
		};
		FB6D225C1B83D01800E28541 /* Release */ = {
			isa = XCBuildConfiguration;
			buildSettings = {
				ALWAYS_SEARCH_USER_PATHS = NO;
				CLANG_CXX_LANGUAGE_STANDARD = "gnu++0x";
				CLANG_CXX_LIBRARY = "libc++";
				CLANG_ENABLE_MODULES = YES;
				CLANG_ENABLE_OBJC_ARC = YES;
				CLANG_WARN_BOOL_CONVERSION = YES;
				CLANG_WARN_CONSTANT_CONVERSION = YES;
				CLANG_WARN_DIRECT_OBJC_ISA_USAGE = YES_ERROR;
				CLANG_WARN_EMPTY_BODY = YES;
				CLANG_WARN_ENUM_CONVERSION = YES;
				CLANG_WARN_INT_CONVERSION = YES;
				CLANG_WARN_OBJC_ROOT_CLASS = YES_ERROR;
				CLANG_WARN_UNREACHABLE_CODE = YES;
				CLANG_WARN__DUPLICATE_METHOD_MATCH = YES;
				"CODE_SIGN_IDENTITY[sdk=iphoneos*]" = "iPhone Developer";
				COPY_PHASE_STRIP = NO;
				DEBUG_INFORMATION_FORMAT = "dwarf-with-dsym";
				ENABLE_NS_ASSERTIONS = NO;
				ENABLE_STRICT_OBJC_MSGSEND = YES;
				GCC_C_LANGUAGE_STANDARD = gnu99;
				GCC_NO_COMMON_BLOCKS = YES;
				GCC_WARN_64_TO_32_BIT_CONVERSION = YES;
				GCC_WARN_ABOUT_RETURN_TYPE = YES_ERROR;
				GCC_WARN_UNDECLARED_SELECTOR = YES;
				GCC_WARN_UNINITIALIZED_AUTOS = YES_AGGRESSIVE;
				GCC_WARN_UNUSED_FUNCTION = YES;
				GCC_WARN_UNUSED_VARIABLE = YES;
				IPHONEOS_DEPLOYMENT_TARGET = 8.3;
				MTL_ENABLE_DEBUG_INFO = NO;
				SDKROOT = iphoneos;
				VALIDATE_PRODUCT = YES;
			};
			name = Release;
		};
		FB6D225E1B83D01800E28541 /* Debug */ = {
			isa = XCBuildConfiguration;
			buildSettings = {
				ASSETCATALOG_COMPILER_APPICON_NAME = AppIcon;
				INFOPLIST_FILE = RunningApp/Info.plist;
				LD_RUNPATH_SEARCH_PATHS = "$(inherited) @executable_path/Frameworks";
				PRODUCT_NAME = "$(TARGET_NAME)";
			};
			name = Debug;
		};
		FB6D225F1B83D01800E28541 /* Release */ = {
			isa = XCBuildConfiguration;
			buildSettings = {
				ASSETCATALOG_COMPILER_APPICON_NAME = AppIcon;
				INFOPLIST_FILE = RunningApp/Info.plist;
				LD_RUNPATH_SEARCH_PATHS = "$(inherited) @executable_path/Frameworks";
				PRODUCT_NAME = "$(TARGET_NAME)";
			};
			name = Release;
		};
		FB6D22611B83D01800E28541 /* Debug */ = {
			isa = XCBuildConfiguration;
			buildSettings = {
				BUNDLE_LOADER = "$(TEST_HOST)";
				FRAMEWORK_SEARCH_PATHS = (
					"$(SDKROOT)/Developer/Library/Frameworks",
					"$(inherited)",
				);
				GCC_PREPROCESSOR_DEFINITIONS = (
					"DEBUG=1",
					"$(inherited)",
				);
				INFOPLIST_FILE = RunningAppTests/Info.plist;
				LD_RUNPATH_SEARCH_PATHS = "$(inherited) @executable_path/Frameworks @loader_path/Frameworks";
				PRODUCT_NAME = "$(TARGET_NAME)";
				TEST_HOST = "$(BUILT_PRODUCTS_DIR)/RunningApp.app/RunningApp";
			};
			name = Debug;
		};
		FB6D22621B83D01800E28541 /* Release */ = {
			isa = XCBuildConfiguration;
			buildSettings = {
				BUNDLE_LOADER = "$(TEST_HOST)";
				FRAMEWORK_SEARCH_PATHS = (
					"$(SDKROOT)/Developer/Library/Frameworks",
					"$(inherited)",
				);
				INFOPLIST_FILE = RunningAppTests/Info.plist;
				LD_RUNPATH_SEARCH_PATHS = "$(inherited) @executable_path/Frameworks @loader_path/Frameworks";
				PRODUCT_NAME = "$(TARGET_NAME)";
				TEST_HOST = "$(BUILT_PRODUCTS_DIR)/RunningApp.app/RunningApp";
			};
			name = Release;
		};
/* End XCBuildConfiguration section */

/* Begin XCConfigurationList section */
		FB6D222F1B83D01800E28541 /* Build configuration list for PBXProject "RunningApp" */ = {
			isa = XCConfigurationList;
			buildConfigurations = (
				FB6D225B1B83D01800E28541 /* Debug */,
				FB6D225C1B83D01800E28541 /* Release */,
			);
			defaultConfigurationIsVisible = 0;
			defaultConfigurationName = Release;
		};
		FB6D225D1B83D01800E28541 /* Build configuration list for PBXNativeTarget "RunningApp" */ = {
			isa = XCConfigurationList;
			buildConfigurations = (
				FB6D225E1B83D01800E28541 /* Debug */,
				FB6D225F1B83D01800E28541 /* Release */,
			);
			defaultConfigurationIsVisible = 0;
		};
		FB6D22601B83D01800E28541 /* Build configuration list for PBXNativeTarget "RunningAppTests" */ = {
			isa = XCConfigurationList;
			buildConfigurations = (
				FB6D22611B83D01800E28541 /* Debug */,
				FB6D22621B83D01800E28541 /* Release */,
			);
			defaultConfigurationIsVisible = 0;
		};
/* End XCConfigurationList section */

/* Begin XCVersionGroup section */
		FB6D223E1B83D01800E28541 /* RunningApp.xcdatamodeld */ = {
			isa = XCVersionGroup;
			children = (
				FB6D223F1B83D01800E28541 /* RunningApp.xcdatamodel */,
			);
			currentVersion = FB6D223F1B83D01800E28541 /* RunningApp.xcdatamodel */;
			path = RunningApp.xcdatamodeld;
			sourceTree = "<group>";
			versionGroupType = wrapper.xcdatamodel;
		};
/* End XCVersionGroup section */
	};
	rootObject = FB6D222C1B83D01800E28541 /* Project object */;
}
